
Microsoft Visual Studio Solution File, Format Version 12.00
# Visual Studio Express 2013 for Web
VisualStudioVersion = 12.0.21005.1
MinimumVisualStudioVersion = 10.0.40219.1
Project("{FAE04EC0-301F-11D3-BF4B-00C04F79EFBC}") = "CodeCooker", "CodeCooker\CodeCooker.csproj", "{FC404529-DD08-422E-850D-522121646B9A}"
EndProject
Project("{FAE04EC0-301F-11D3-BF4B-00C04F79EFBC}") = "CodeCookerUnitTests", "CodeCookerUnitTests\CodeCookerUnitTests.csproj", "{D15CCCC8-1CF8-4BF8-AD2C-1E23D3089D2D}"
EndProject
Global
	GlobalSection(SolutionConfigurationPlatforms) = preSolution
		Debug|Any CPU = Debug|Any CPU
		LaptopDebug|Any CPU = LaptopDebug|Any CPU
		Release|Any CPU = Release|Any CPU
	EndGlobalSection
	GlobalSection(ProjectConfigurationPlatforms) = postSolution
		{FC404529-DD08-422E-850D-522121646B9A}.Debug|Any CPU.ActiveCfg = Debug|Any CPU
		{FC404529-DD08-422E-850D-522121646B9A}.Debug|Any CPU.Build.0 = Debug|Any CPU
		{FC404529-DD08-422E-850D-522121646B9A}.LaptopDebug|Any CPU.ActiveCfg = LaptopDebug|Any CPU
		{FC404529-DD08-422E-850D-522121646B9A}.LaptopDebug|Any CPU.Build.0 = LaptopDebug|Any CPU
		{FC404529-DD08-422E-850D-522121646B9A}.Release|Any CPU.ActiveCfg = Release|Any CPU
		{FC404529-DD08-422E-850D-522121646B9A}.Release|Any CPU.Build.0 = Release|Any CPU
		{D15CCCC8-1CF8-4BF8-AD2C-1E23D3089D2D}.Debug|Any CPU.ActiveCfg = Debug|Any CPU
		{D15CCCC8-1CF8-4BF8-AD2C-1E23D3089D2D}.Debug|Any CPU.Build.0 = Debug|Any CPU
		{D15CCCC8-1CF8-4BF8-AD2C-1E23D3089D2D}.LaptopDebug|Any CPU.ActiveCfg = LaptopDebug|Any CPU
		{D15CCCC8-1CF8-4BF8-AD2C-1E23D3089D2D}.LaptopDebug|Any CPU.Build.0 = LaptopDebug|Any CPU
		{D15CCCC8-1CF8-4BF8-AD2C-1E23D3089D2D}.Release|Any CPU.ActiveCfg = Release|Any CPU
		{D15CCCC8-1CF8-4BF8-AD2C-1E23D3089D2D}.Release|Any CPU.Build.0 = Release|Any CPU
	EndGlobalSection
	GlobalSection(SolutionProperties) = preSolution
		HideSolutionNode = FALSE
	EndGlobalSection
EndGlobal
